
Microsoft Visual Studio Solution File, Format Version 12.00
# Visual Studio Version 16
VisualStudioVersion = 16.0.30611.23
MinimumVisualStudioVersion = 10.0.40219.1
Project("{FAE04EC0-301F-11D3-BF4B-00C04F79EFBC}") = "Binary.Donusum.App", "Binary.Donusum.App\Binary.Donusum.App.csproj", "{32539A07-C336-4F8B-B90C-E7D10E8167A1}"
EndProject
Global
	GlobalSection(SolutionConfigurationPlatforms) = preSolution
		Debug|Any CPU = Debug|Any CPU
		Release|Any CPU = Release|Any CPU
	EndGlobalSection
	GlobalSection(ProjectConfigurationPlatforms) = postSolution
		{32539A07-C336-4F8B-B90C-E7D10E8167A1}.Debug|Any CPU.ActiveCfg = Debug|Any CPU
		{32539A07-C336-4F8B-B90C-E7D10E8167A1}.Debug|Any CPU.Build.0 = Debug|Any CPU
		{32539A07-C336-4F8B-B90C-E7D10E8167A1}.Release|Any CPU.ActiveCfg = Release|Any CPU
		{32539A07-C336-4F8B-B90C-E7D10E8167A1}.Release|Any CPU.Build.0 = Release|Any CPU
	EndGlobalSection
	GlobalSection(SolutionProperties) = preSolution
		HideSolutionNode = FALSE
	EndGlobalSection
	GlobalSection(ExtensibilityGlobals) = postSolution
		SolutionGuid = {C9DC6244-F097-4B0A-A98C-969819787331}
	EndGlobalSection
EndGlobal
